Microsoft Visual Studio Solution File, Format Version 11.00
# Visual Studio 2008

Project("{5B2FFDA0-E84D-C7E1-9D11-E2AF5EE27A6C}") = "Tanks!G", "Assembly-CSharp-firstpass.csproj", "{D0B487B2-57EC-7860-6C47-45C8994F2554}"
EndProject
Project("{5B2FFDA0-E84D-C7E1-9D11-E2AF5EE27A6C}") = "Tanks!G", "Assembly-CSharp.csproj", "{DC2D7B1E-6DA5-5E40-4A77-69C4A1286455}"
EndProject
Project("{5B2FFDA0-E84D-C7E1-9D11-E2AF5EE27A6C}") = "Tanks!G", "Assembly-CSharp-Editor.csproj", "{F01DA847-89D8-8969-2884-50CA41491363}"
EndProject
Global
	GlobalSection(SolutionConfigurationPlatforms) = preSolution
		Debug|Any CPU = Debug|Any CPU
		Release|Any CPU = Release|Any CPU
	EndGlobalSection
	GlobalSection(ProjectConfigurationPlatforms) = postSolution
		{D0B487B2-57EC-7860-6C47-45C8994F2554}.Debug|Any CPU.ActiveCfg = Debug|Any CPU
		{D0B487B2-57EC-7860-6C47-45C8994F2554}.Debug|Any CPU.Build.0 = Debug|Any CPU
		{D0B487B2-57EC-7860-6C47-45C8994F2554}.Release|Any CPU.ActiveCfg = Release|Any CPU
		{D0B487B2-57EC-7860-6C47-45C8994F2554}.Release|Any CPU.Build.0 = Release|Any CPU
		{DC2D7B1E-6DA5-5E40-4A77-69C4A1286455}.Debug|Any CPU.ActiveCfg = Debug|Any CPU
		{DC2D7B1E-6DA5-5E40-4A77-69C4A1286455}.Debug|Any CPU.Build.0 = Debug|Any CPU
		{DC2D7B1E-6DA5-5E40-4A77-69C4A1286455}.Release|Any CPU.ActiveCfg = Release|Any CPU
		{DC2D7B1E-6DA5-5E40-4A77-69C4A1286455}.Release|Any CPU.Build.0 = Release|Any CPU
		{F01DA847-89D8-8969-2884-50CA41491363}.Debug|Any CPU.ActiveCfg = Debug|Any CPU
		{F01DA847-89D8-8969-2884-50CA41491363}.Debug|Any CPU.Build.0 = Debug|Any CPU
		{F01DA847-89D8-8969-2884-50CA41491363}.Release|Any CPU.ActiveCfg = Release|Any CPU
		{F01DA847-89D8-8969-2884-50CA41491363}.Release|Any CPU.Build.0 = Release|Any CPU
	EndGlobalSection
	GlobalSection(SolutionProperties) = preSolution
		HideSolutionNode = FALSE
	EndGlobalSection
	GlobalSection(MonoDevelopProperties) = preSolution
		StartupItem = Assembly-CSharp.csproj
	EndGlobalSection
EndGlobal
